
Microsoft Visual Studio Solution File, Format Version 12.00
# Visual Studio 15
Project("{FAE04EC0-301F-11D3-BF4B-00C04F79EFBC}") = "Assembly-CSharp", "Assembly-CSharp.csproj", "{E1909BA8-0E17-C086-CD37-458E97441C27}"
EndProject
Project("{FAE04EC0-301F-11D3-BF4B-00C04F79EFBC}") = "Assembly-CSharp-Editor", "Assembly-CSharp-Editor.csproj", "{0BDC02FB-6DF2-6A71-159D-D4F17E44F520}"
EndProject
Global
	GlobalSection(SolutionConfigurationPlatforms) = preSolution
		Debug|Any CPU = Debug|Any CPU
		Release|Any CPU = Release|Any CPU
	EndGlobalSection
	GlobalSection(ProjectConfigurationPlatforms) = postSolution
		{E1909BA8-0E17-C086-CD37-458E97441C27}.Debug|Any CPU.ActiveCfg = Debug|Any CPU
		{E1909BA8-0E17-C086-CD37-458E97441C27}.Debug|Any CPU.Build.0 = Debug|Any CPU
		{E1909BA8-0E17-C086-CD37-458E97441C27}.Release|Any CPU.ActiveCfg = Release|Any CPU
		{E1909BA8-0E17-C086-CD37-458E97441C27}.Release|Any CPU.Build.0 = Release|Any CPU
		{0BDC02FB-6DF2-6A71-159D-D4F17E44F520}.Debug|Any CPU.ActiveCfg = Debug|Any CPU
		{0BDC02FB-6DF2-6A71-159D-D4F17E44F520}.Debug|Any CPU.Build.0 = Debug|Any CPU
		{0BDC02FB-6DF2-6A71-159D-D4F17E44F520}.Release|Any CPU.ActiveCfg = Release|Any CPU
		{0BDC02FB-6DF2-6A71-159D-D4F17E44F520}.Release|Any CPU.Build.0 = Release|Any CPU
	EndGlobalSection
	GlobalSection(SolutionProperties) = preSolution
		HideSolutionNode = FALSE
	EndGlobalSection
EndGlobal
